// !$*UTF8*$!
{
	archiveVersion = 1;
	classes = {
	};
	objectVersion = 46;
	objects = {

/* Begin PBXBuildFile section */
		DB31E7691910D0D7009A6CF6 /* run_loop_cocoa_darwin_UT.mm in Sources */ = {isa = PBXBuildFile; fileRef = DB31E7671910D0D7009A6CF6 /* run_loop_cocoa_darwin_UT.mm */; };
		DB31E76E19117EA3009A6CF6 /* CDetailViewController.mm in Sources */ = {isa = PBXBuildFile; fileRef = DB31E76B19117EA3009A6CF6 /* CDetailViewController.mm */; };
		DB31E76F19117EA3009A6CF6 /* CMasterViewController.mm in Sources */ = {isa = PBXBuildFile; fileRef = DB31E76D19117EA3009A6CF6 /* CMasterViewController.mm */; };
		DB31E79519122554009A6CF6 /* task.cpp in Sources */ = {isa = PBXBuildFile; fileRef = DB31E79219122554009A6CF6 /* task.cpp */; };
		DB31E79619122554009A6CF6 /* task_lambda.cpp in Sources */ = {isa = PBXBuildFile; fileRef = DB31E79319122554009A6CF6 /* task_lambda.cpp */; };
		DB31E79719122554009A6CF6 /* task_pending_queue.cpp in Sources */ = {isa = PBXBuildFile; fileRef = DB31E79419122554009A6CF6 /* task_pending_queue.cpp */; };
		DB31E79E19122581009A6CF6 /* event_dispatcher.cpp in Sources */ = {isa = PBXBuildFile; fileRef = DB31E79C19122581009A6CF6 /* event_dispatcher.cpp */; };
		DB31E7A41912DAFE009A6CF6 /* run_loop_factory.cpp in Sources */ = {isa = PBXBuildFile; fileRef = DB31E7A31912DAFE009A6CF6 /* run_loop_factory.cpp */; };
		DB31E7A61912DF56009A6CF6 /* event_dispatcher_UT.cpp in Sources */ = {isa = PBXBuildFile; fileRef = DB31E7A51912DF56009A6CF6 /* event_dispatcher_UT.cpp */; };
		DB67F17619062BC3007567A9 /* Foundation.framework in Frameworks */ = {isa = PBXBuildFile; fileRef = DB67F17519062BC3007567A9 /* Foundation.framework */; };
		DB67F17819062BC3007567A9 /* CoreGraphics.framework in Frameworks */ = {isa = PBXBuildFile; fileRef = DB67F17719062BC3007567A9 /* CoreGraphics.framework */; };
		DB67F17A19062BC3007567A9 /* UIKit.framework in Frameworks */ = {isa = PBXBuildFile; fileRef = DB67F17919062BC3007567A9 /* UIKit.framework */; };
		DB67F18019062BC3007567A9 /* InfoPlist.strings in Resources */ = {isa = PBXBuildFile; fileRef = DB67F17E19062BC3007567A9 /* InfoPlist.strings */; };
		DB67F18219062BC3007567A9 /* main.m in Sources */ = {isa = PBXBuildFile; fileRef = DB67F18119062BC3007567A9 /* main.m */; };
		DB67F18619062BC3007567A9 /* CAppDelegate.mm in Sources */ = {isa = PBXBuildFile; fileRef = DB67F18519062BC3007567A9 /* CAppDelegate.mm */; };
		DB67F19419062BC3007567A9 /* Images.xcassets in Resources */ = {isa = PBXBuildFile; fileRef = DB67F19319062BC3007567A9 /* Images.xcassets */; };
		DB67F19B19062BC3007567A9 /* XCTest.framework in Frameworks */ = {isa = PBXBuildFile; fileRef = DB67F19A19062BC3007567A9 /* XCTest.framework */; };
		DB67F19C19062BC3007567A9 /* Foundation.framework in Frameworks */ = {isa = PBXBuildFile; fileRef = DB67F17519062BC3007567A9 /* Foundation.framework */; };
		DB67F19D19062BC3007567A9 /* UIKit.framework in Frameworks */ = {isa = PBXBuildFile; fileRef = DB67F17919062BC3007567A9 /* UIKit.framework */; };
		DB67F1A519062BC3007567A9 /* InfoPlist.strings in Resources */ = {isa = PBXBuildFile; fileRef = DB67F1A319062BC3007567A9 /* InfoPlist.strings */; };
		DB67F1A719062BC3007567A9 /* vClientTemplateLibTests.m in Sources */ = {isa = PBXBuildFile; fileRef = DB67F1A619062BC3007567A9 /* vClientTemplateLibTests.m */; };
		DB67F23F19062FFA007567A9 /* gtest-death-test.cc in Sources */ = {isa = PBXBuildFile; fileRef = DB67F1DF19062FFA007567A9 /* gtest-death-test.cc */; };
		DB67F24019062FFA007567A9 /* gtest-filepath.cc in Sources */ = {isa = PBXBuildFile; fileRef = DB67F1E019062FFA007567A9 /* gtest-filepath.cc */; };
		DB67F24119062FFA007567A9 /* gtest-port.cc in Sources */ = {isa = PBXBuildFile; fileRef = DB67F1E219062FFA007567A9 /* gtest-port.cc */; };
		DB67F24219062FFA007567A9 /* gtest-printers.cc in Sources */ = {isa = PBXBuildFile; fileRef = DB67F1E319062FFA007567A9 /* gtest-printers.cc */; };
		DB67F24319062FFA007567A9 /* gtest-test-part.cc in Sources */ = {isa = PBXBuildFile; fileRef = DB67F1E419062FFA007567A9 /* gtest-test-part.cc */; };
		DB67F24419062FFA007567A9 /* gtest-typed-test.cc in Sources */ = {isa = PBXBuildFile; fileRef = DB67F1E519062FFA007567A9 /* gtest-typed-test.cc */; };
		DB67F24519062FFA007567A9 /* gtest.cc in Sources */ = {isa = PBXBuildFile; fileRef = DB67F1E619062FFA007567A9 /* gtest.cc */; };
		DB67F25519074530007567A9 /* unitest_run_all.cpp in Sources */ = {isa = PBXBuildFile; fileRef = DB67F25319074530007567A9 /* unitest_run_all.cpp */; };
		DB67F26519084B43007567A9 /* thread_platform_POSIX.cpp in Sources */ = {isa = PBXBuildFile; fileRef = DB67F26219084B43007567A9 /* thread_platform_POSIX.cpp */; };
		DB67F26C19084EF1007567A9 /* lock.cpp in Sources */ = {isa = PBXBuildFile; fileRef = DB67F26B19084EF1007567A9 /* lock.cpp */; };
		DB67F2D319089E50007567A9 /* build_utils.cc in Sources */ = {isa = PBXBuildFile; fileRef = DB67F2D119089E50007567A9 /* build_utils.cc */; };
		DB67F2D51908CCD9007567A9 /* lock_impl_POSIX.cpp in Sources */ = {isa = PBXBuildFile; fileRef = DB67F2D41908CCD9007567A9 /* lock_impl_POSIX.cpp */; };
		DB67F2DC1908F26D007567A9 /* condition_variable.cpp in Sources */ = {isa = PBXBuildFile; fileRef = DB67F2DB1908F26D007567A9 /* condition_variable.cpp */; };
		DB67F2E01908F9D6007567A9 /* condition_variable_impl_POSIX.cpp in Sources */ = {isa = PBXBuildFile; fileRef = DB67F2DE1908F9D6007567A9 /* condition_variable_impl_POSIX.cpp */; };
		DB67F365190A3BDA007567A9 /* thread_platform_IOS.mm in Sources */ = {isa = PBXBuildFile; fileRef = DB67F364190A3BDA007567A9 /* thread_platform_IOS.mm */; };
		DB67F368190A3CA5007567A9 /* thread_platform_optional_IOS.mm in Sources */ = {isa = PBXBuildFile; fileRef = DB67F367190A3CA5007567A9 /* thread_platform_optional_IOS.mm */; };
		DB67F392190C9934007567A9 /* thread_un_safe_debug.cpp in Sources */ = {isa = PBXBuildFile; fileRef = DB67F390190C9934007567A9 /* thread_un_safe_debug.cpp */; };
		DB67F39A190CE7F6007567A9 /* thread_loopless.cpp in Sources */ = {isa = PBXBuildFile; fileRef = DB67F399190CE7F6007567A9 /* thread_loopless.cpp */; };
		DB67F39E190CE85A007567A9 /* thread_platform_UNIT_TEST.cpp in Sources */ = {isa = PBXBuildFile; fileRef = DB67F39C190CE85A007567A9 /* thread_platform_UNIT_TEST.cpp */; };
		DB67F39F190CE85A007567A9 /* thread_un_safe_UNIT_TEST.cpp in Sources */ = {isa = PBXBuildFile; fileRef = DB67F39D190CE85A007567A9 /* thread_un_safe_UNIT_TEST.cpp */; };
		DB67F3A2190CE878007567A9 /* lock_UNIT_TEST.cpp in Sources */ = {isa = PBXBuildFile; fileRef = DB67F3A1190CE878007567A9 /* lock_UNIT_TEST.cpp */; };
		DB67F3A4190CF76A007567A9 /* thread_loopless_UNIT_TEST.cpp in Sources */ = {isa = PBXBuildFile; fileRef = DB67F3A3190CF76A007567A9 /* thread_loopless_UNIT_TEST.cpp */; };
		DB67F3AD190DD18F007567A9 /* run_loop_DARWIN.mm in Sources */ = {isa = PBXBuildFile; fileRef = DB67F3AC190DD18F007567A9 /* run_loop_DARWIN.mm */; };
		DB67F5021910589B007567A9 /* run_loop_cocoa_DARWIN.mm in Sources */ = {isa = PBXBuildFile; fileRef = DB67F5001910589B007567A9 /* run_loop_cocoa_DARWIN.mm */; };
		DBB190E91914BA0E006C9EAE /* task_pending_queue.cpp in Sources */ = {isa = PBXBuildFile; fileRef = DBB190E81914BA0E006C9EAE /* task_pending_queue.cpp */; };
		DBB191621915F7C9006C9EAE /* log.cpp in Sources */ = {isa = PBXBuildFile; fileRef = DBB191601915F7C9006C9EAE /* log.cpp */; };
		DBB1916419161335006C9EAE /* log_output.cpp in Sources */ = {isa = PBXBuildFile; fileRef = DBB1916319161335006C9EAE /* log_output.cpp */; };
		DBB19167191620A7006C9EAE /* log_UNIT_TEST.cpp in Sources */ = {isa = PBXBuildFile; fileRef = DBB19166191620A7006C9EAE /* log_UNIT_TEST.cpp */; };
		DBB191721917196E006C9EAE /* thread_loopful.cpp in Sources */ = {isa = PBXBuildFile; fileRef = DBB191701917196E006C9EAE /* thread_loopful.cpp */; };
		DBB191731917196E006C9EAE /* thread_loopless.cpp in Sources */ = {isa = PBXBuildFile; fileRef = DBB191711917196E006C9EAE /* thread_loopless.cpp */; };
/* End PBXBuildFile section */

/* Begin PBXContainerItemProxy section */
		DB67F19E19062BC3007567A9 /* PBXContainerItemProxy */ = {
			isa = PBXContainerItemProxy;
			containerPortal = DB67F16A19062BC3007567A9 /* Project object */;
			proxyType = 1;
			remoteGlobalIDString = DB67F17119062BC3007567A9;
			remoteInfo = vClientTemplateLib;
		};
/* End PBXContainerItemProxy section */

/* Begin PBXFileReference section */
		DB31E7671910D0D7009A6CF6 /* run_loop_cocoa_darwin_UT.mm */ = {isa = PBXFileReference; fileEncoding = 4; lastKnownFileType = sourcecode.cpp.objcpp; path = run_loop_cocoa_darwin_UT.mm; sourceTree = "<group>"; };
		DB31E76A19117EA3009A6CF6 /* CDetailViewController.h */ = {isa = PBXFileReference; fileEncoding = 4; lastKnownFileType = sourcecode.c.h; path = CDetailViewController.h; sourceTree = "<group>"; };
		DB31E76B19117EA3009A6CF6 /* CDetailViewController.mm */ = {isa = PBXFileReference; fileEncoding = 4; lastKnownFileType = sourcecode.cpp.objcpp; path = CDetailViewController.mm; sourceTree = "<group>"; };
		DB31E76C19117EA3009A6CF6 /* CMasterViewController.h */ = {isa = PBXFileReference; fileEncoding = 4; lastKnownFileType = sourcecode.c.h; path = CMasterViewController.h; sourceTree = "<group>"; };
		DB31E76D19117EA3009A6CF6 /* CMasterViewController.mm */ = {isa = PBXFileReference; fileEncoding = 4; lastKnownFileType = sourcecode.cpp.objcpp; path = CMasterViewController.mm; sourceTree = "<group>"; };
		DB31E78219120DD0009A6CF6 /* task.h */ = {isa = PBXFileReference; fileEncoding = 4; lastKnownFileType = sourcecode.c.h; path = task.h; sourceTree = "<group>"; };
		DB31E78319120DD0009A6CF6 /* task_lambda.h */ = {isa = PBXFileReference; fileEncoding = 4; lastKnownFileType = sourcecode.c.h; path = task_lambda.h; sourceTree = "<group>"; };
		DB31E78419120DD0009A6CF6 /* task_pending_q_listener.h */ = {isa = PBXFileReference; fileEncoding = 4; lastKnownFileType = sourcecode.c.h; path = task_pending_q_listener.h; sourceTree = "<group>"; };
		DB31E78519120DD0009A6CF6 /* task_pending_queue.h */ = {isa = PBXFileReference; fileEncoding = 4; lastKnownFileType = sourcecode.c.h; path = task_pending_queue.h; sourceTree = "<group>"; };
		DB31E78A191214AC009A6CF6 /* task_queue.h */ = {isa = PBXFileReference; fileEncoding = 4; lastKnownFileType = sourcecode.c.h; path = task_queue.h; sourceTree = "<group>"; };
		DB31E79219122554009A6CF6 /* task.cpp */ = {isa = PBXFileReference; fileEncoding = 4; lastKnownFileType = sourcecode.cpp.cpp; path = task.cpp; sourceTree = "<group>"; };
		DB31E79319122554009A6CF6 /* task_lambda.cpp */ = {isa = PBXFileReference; fileEncoding = 4; lastKnownFileType = sourcecode.cpp.cpp; path = task_lambda.cpp; sourceTree = "<group>"; };
		DB31E79419122554009A6CF6 /* task_pending_queue.cpp */ = {isa = PBXFileReference; fileEncoding = 4; lastKnownFileType = sourcecode.cpp.cpp; path = task_pending_queue.cpp; sourceTree = "<group>"; };
		DB31E79A19122581009A6CF6 /* event_dispatcher.h */ = {isa = PBXFileReference; fileEncoding = 4; lastKnownFileType = sourcecode.c.h; path = event_dispatcher.h; sourceTree = "<group>"; };
		DB31E79C19122581009A6CF6 /* event_dispatcher.cpp */ = {isa = PBXFileReference; fileEncoding = 4; lastKnownFileType = sourcecode.cpp.cpp; path = event_dispatcher.cpp; sourceTree = "<group>"; };
		DB31E79F191229A0009A6CF6 /* event_dispatcher_destructor_spectator.h */ = {isa = PBXFileReference; lastKnownFileType = sourcecode.c.h; path = event_dispatcher_destructor_spectator.h; sourceTree = "<group>"; };
		DB31E7A019123244009A6CF6 /* task_spectator.h */ = {isa = PBXFileReference; lastKnownFileType = sourcecode.c.h; path = task_spectator.h; sourceTree = "<group>"; };
		DB31E7A11912D9FB009A6CF6 /* run_loop_factory.h */ = {isa = PBXFileReference; lastKnownFileType = sourcecode.c.h; path = run_loop_factory.h; sourceTree = "<group>"; };
		DB31E7A31912DAFE009A6CF6 /* run_loop_factory.cpp */ = {isa = PBXFileReference; fileEncoding = 4; lastKnownFileType = sourcecode.cpp.cpp; path = run_loop_factory.cpp; sourceTree = "<group>"; };
		DB31E7A51912DF56009A6CF6 /* event_dispatcher_UT.cpp */ = {isa = PBXFileReference; fileEncoding = 4; lastKnownFileType = sourcecode.cpp.cpp; path = event_dispatcher_UT.cpp; sourceTree = "<group>"; };
		DB67F17219062BC3007567A9 /* vClientTemplateLib.app */ = {isa = PBXFileReference; explicitFileType = wrapper.application; includeInIndex = 0; path = vClientTemplateLib.app; sourceTree = BUILT_PRODUCTS_DIR; };
		DB67F17519062BC3007567A9 /* Foundation.framework */ = {isa = PBXFileReference; lastKnownFileType = wrapper.framework; name = Foundation.framework; path = System/Library/Frameworks/Foundation.framework; sourceTree = SDKROOT; };
		DB67F17719062BC3007567A9 /* CoreGraphics.framework */ = {isa = PBXFileReference; lastKnownFileType = wrapper.framework; name = CoreGraphics.framework; path = System/Library/Frameworks/CoreGraphics.framework; sourceTree = SDKROOT; };
		DB67F17919062BC3007567A9 /* UIKit.framework */ = {isa = PBXFileReference; lastKnownFileType = wrapper.framework; name = UIKit.framework; path = System/Library/Frameworks/UIKit.framework; sourceTree = SDKROOT; };
		DB67F17D19062BC3007567A9 /* vClientTemplateLib-Info.plist */ = {isa = PBXFileReference; lastKnownFileType = text.plist.xml; path = "vClientTemplateLib-Info.plist"; sourceTree = "<group>"; };
		DB67F17F19062BC3007567A9 /* en */ = {isa = PBXFileReference; lastKnownFileType = text.plist.strings; name = en; path = en.lproj/InfoPlist.strings; sourceTree = "<group>"; };
		DB67F18119062BC3007567A9 /* main.m */ = {isa = PBXFileReference; lastKnownFileType = sourcecode.c.objc; path = main.m; sourceTree = "<group>"; };
		DB67F18319062BC3007567A9 /* vClientTemplateLib-Prefix.pch */ = {isa = PBXFileReference; lastKnownFileType = sourcecode.c.h; path = "vClientTemplateLib-Prefix.pch"; sourceTree = "<group>"; };
		DB67F18419062BC3007567A9 /* CAppDelegate.h */ = {isa = PBXFileReference; lastKnownFileType = sourcecode.c.h; path = CAppDelegate.h; sourceTree = "<group>"; };
		DB67F18519062BC3007567A9 /* CAppDelegate.mm */ = {isa = PBXFileReference; lastKnownFileType = sourcecode.cpp.objcpp; path = CAppDelegate.mm; sourceTree = "<group>"; };
		DB67F19319062BC3007567A9 /* Images.xcassets */ = {isa = PBXFileReference; lastKnownFileType = folder.assetcatalog; path = Images.xcassets; sourceTree = "<group>"; };
		DB67F19919062BC3007567A9 /* vClientTemplateLibTests.xctest */ = {isa = PBXFileReference; explicitFileType = wrapper.cfbundle; includeInIndex = 0; path = vClientTemplateLibTests.xctest; sourceTree = BUILT_PRODUCTS_DIR; };
		DB67F19A19062BC3007567A9 /* XCTest.framework */ = {isa = PBXFileReference; lastKnownFileType = wrapper.framework; name = XCTest.framework; path = Library/Frameworks/XCTest.framework; sourceTree = DEVELOPER_DIR; };
		DB67F1A219062BC3007567A9 /* vClientTemplateLibTests-Info.plist */ = {isa = PBXFileReference; lastKnownFileType = text.plist.xml; path = "vClientTemplateLibTests-Info.plist"; sourceTree = "<group>"; };
		DB67F1A419062BC3007567A9 /* en */ = {isa = PBXFileReference; lastKnownFileType = text.plist.strings; name = en; path = en.lproj/InfoPlist.strings; sourceTree = "<group>"; };
		DB67F1A619062BC3007567A9 /* vClientTemplateLibTests.m */ = {isa = PBXFileReference; lastKnownFileType = sourcecode.c.objc; path = vClientTemplateLibTests.m; sourceTree = "<group>"; };
		DB67F1B519062FFA007567A9 /* curl.h */ = {isa = PBXFileReference; fileEncoding = 4; lastKnownFileType = sourcecode.c.h; path = curl.h; sourceTree = "<group>"; };
		DB67F1B619062FFA007567A9 /* curlbuild.h */ = {isa = PBXFileReference; fileEncoding = 4; lastKnownFileType = sourcecode.c.h; path = curlbuild.h; sourceTree = "<group>"; };
		DB67F1B719062FFA007567A9 /* curlrules.h */ = {isa = PBXFileReference; fileEncoding = 4; lastKnownFileType = sourcecode.c.h; path = curlrules.h; sourceTree = "<group>"; };
		DB67F1B819062FFA007567A9 /* curlver.h */ = {isa = PBXFileReference; fileEncoding = 4; lastKnownFileType = sourcecode.c.h; path = curlver.h; sourceTree = "<group>"; };
		DB67F1B919062FFA007567A9 /* easy.h */ = {isa = PBXFileReference; fileEncoding = 4; lastKnownFileType = sourcecode.c.h; path = easy.h; sourceTree = "<group>"; };
		DB67F1BA19062FFA007567A9 /* mprintf.h */ = {isa = PBXFileReference; fileEncoding = 4; lastKnownFileType = sourcecode.c.h; path = mprintf.h; sourceTree = "<group>"; };
		DB67F1BB19062FFA007567A9 /* multi.h */ = {isa = PBXFileReference; fileEncoding = 4; lastKnownFileType = sourcecode.c.h; path = multi.h; sourceTree = "<group>"; };
		DB67F1BC19062FFA007567A9 /* stdcheaders.h */ = {isa = PBXFileReference; fileEncoding = 4; lastKnownFileType = sourcecode.c.h; path = stdcheaders.h; sourceTree = "<group>"; };
		DB67F1BD19062FFA007567A9 /* typecheck-gcc.h */ = {isa = PBXFileReference; fileEncoding = 4; lastKnownFileType = sourcecode.c.h; path = "typecheck-gcc.h"; sourceTree = "<group>"; };
		DB67F1BF19062FFA007567A9 /* Flurry.h */ = {isa = PBXFileReference; fileEncoding = 4; lastKnownFileType = sourcecode.c.h; path = Flurry.h; sourceTree = "<group>"; };
		DB67F1CC19062FFA007567A9 /* gtest.h */ = {isa = PBXFileReference; fileEncoding = 4; lastKnownFileType = sourcecode.c.h; path = gtest.h; sourceTree = "<group>"; };
		DB67F1DF19062FFA007567A9 /* gtest-death-test.cc */ = {isa = PBXFileReference; fileEncoding = 4; lastKnownFileType = sourcecode.cpp.cpp; path = "gtest-death-test.cc"; sourceTree = "<group>"; };
		DB67F1E019062FFA007567A9 /* gtest-filepath.cc */ = {isa = PBXFileReference; fileEncoding = 4; lastKnownFileType = sourcecode.cpp.cpp; path = "gtest-filepath.cc"; sourceTree = "<group>"; };
		DB67F1E219062FFA007567A9 /* gtest-port.cc */ = {isa = PBXFileReference; fileEncoding = 4; lastKnownFileType = sourcecode.cpp.cpp; path = "gtest-port.cc"; sourceTree = "<group>"; };
		DB67F1E319062FFA007567A9 /* gtest-printers.cc */ = {isa = PBXFileReference; fileEncoding = 4; lastKnownFileType = sourcecode.cpp.cpp; path = "gtest-printers.cc"; sourceTree = "<group>"; };
		DB67F1E419062FFA007567A9 /* gtest-test-part.cc */ = {isa = PBXFileReference; fileEncoding = 4; lastKnownFileType = sourcecode.cpp.cpp; path = "gtest-test-part.cc"; sourceTree = "<group>"; };
		DB67F1E519062FFA007567A9 /* gtest-typed-test.cc */ = {isa = PBXFileReference; fileEncoding = 4; lastKnownFileType = sourcecode.cpp.cpp; path = "gtest-typed-test.cc"; sourceTree = "<group>"; };
		DB67F1E619062FFA007567A9 /* gtest.cc */ = {isa = PBXFileReference; fileEncoding = 4; lastKnownFileType = sourcecode.cpp.cpp; path = gtest.cc; sourceTree = "<group>"; };
		DB67F1EA19062FFA007567A9 /* aes.h */ = {isa = PBXFileReference; fileEncoding = 4; lastKnownFileType = sourcecode.c.h; path = aes.h; sourceTree = "<group>"; };
		DB67F1EB19062FFA007567A9 /* asn1.h */ = {isa = PBXFileReference; fileEncoding = 4; lastKnownFileType = sourcecode.c.h; path = asn1.h; sourceTree = "<group>"; };
		DB67F1EC19062FFA007567A9 /* asn1_mac.h */ = {isa = PBXFileReference; fileEncoding = 4; lastKnownFileType = sourcecode.c.h; path = asn1_mac.h; sourceTree = "<group>"; };
		DB67F1ED19062FFA007567A9 /* asn1t.h */ = {isa = PBXFileReference; fileEncoding = 4; lastKnownFileType = sourcecode.c.h; path = asn1t.h; sourceTree = "<group>"; };
		DB67F1EE19062FFA007567A9 /* bio.h */ = {isa = PBXFileReference; fileEncoding = 4; lastKnownFileType = sourcecode.c.h; path = bio.h; sourceTree = "<group>"; };
		DB67F1EF19062FFA007567A9 /* blowfish.h */ = {isa = PBXFileReference; fileEncoding = 4; lastKnownFileType = sourcecode.c.h; path = blowfish.h; sourceTree = "<group>"; };
		DB67F1F019062FFA007567A9 /* bn.h */ = {isa = PBXFileReference; fileEncoding = 4; lastKnownFileType = sourcecode.c.h; path = bn.h; sourceTree = "<group>"; };
		DB67F1F119062FFA007567A9 /* buffer.h */ = {isa = PBXFileReference; fileEncoding = 4; lastKnownFileType = sourcecode.c.h; path = buffer.h; sourceTree = "<group>"; };
		DB67F1F219062FFA007567A9 /* camellia.h */ = {isa = PBXFileReference; fileEncoding = 4; lastKnownFileType = sourcecode.c.h; path = camellia.h; sourceTree = "<group>"; };
		DB67F1F319062FFA007567A9 /* cast.h */ = {isa = PBXFileReference; fileEncoding = 4; lastKnownFileType = sourcecode.c.h; path = cast.h; sourceTree = "<group>"; };
		DB67F1F419062FFA007567A9 /* cmac.h */ = {isa = PBXFileReference; fileEncoding = 4; lastKnownFileType = sourcecode.c.h; path = cmac.h; sourceTree = "<group>"; };
		DB67F1F519062FFA007567A9 /* cms.h */ = {isa = PBXFileReference; fileEncoding = 4; lastKnownFileType = sourcecode.c.h; path = cms.h; sourceTree = "<group>"; };
		DB67F1F619062FFA007567A9 /* comp.h */ = {isa = PBXFileReference; fileEncoding = 4; lastKnownFileType = sourcecode.c.h; path = comp.h; sourceTree = "<group>"; };
		DB67F1F719062FFA007567A9 /* conf.h */ = {isa = PBXFileReference; fileEncoding = 4; lastKnownFileType = sourcecode.c.h; path = conf.h; sourceTree = "<group>"; };
		DB67F1F819062FFA007567A9 /* conf_api.h */ = {isa = PBXFileReference; fileEncoding = 4; lastKnownFileType = sourcecode.c.h; path = conf_api.h; sourceTree = "<group>"; };
		DB67F1F919062FFA007567A9 /* crypto.h */ = {isa = PBXFileReference; fileEncoding = 4; lastKnownFileType = sourcecode.c.h; path = crypto.h; sourceTree = "<group>"; };
		DB67F1FA19062FFA007567A9 /* des.h */ = {isa = PBXFileReference; fileEncoding = 4; lastKnownFileType = sourcecode.c.h; path = des.h; sourceTree = "<group>"; };
		DB67F1FB19062FFA007567A9 /* des_old.h */ = {isa = PBXFileReference; fileEncoding = 4; lastKnownFileType = sourcecode.c.h; path = des_old.h; sourceTree = "<group>"; };
		DB67F1FC19062FFA007567A9 /* dh.h */ = {isa = PBXFileReference; fileEncoding = 4; lastKnownFileType = sourcecode.c.h; path = dh.h; sourceTree = "<group>"; };
		DB67F1FD19062FFA007567A9 /* dsa.h */ = {isa = PBXFileReference; fileEncoding = 4; lastKnownFileType = sourcecode.c.h; path = dsa.h; sourceTree = "<group>"; };
		DB67F1FE19062FFA007567A9 /* dso.h */ = {isa = PBXFileReference; fileEncoding = 4; lastKnownFileType = sourcecode.c.h; path = dso.h; sourceTree = "<group>"; };
		DB67F1FF19062FFA007567A9 /* dtls1.h */ = {isa = PBXFileReference; fileEncoding = 4; lastKnownFileType = sourcecode.c.h; path = dtls1.h; sourceTree = "<group>"; };
		DB67F20019062FFA007567A9 /* e_os2.h */ = {isa = PBXFileReference; fileEncoding = 4; lastKnownFileType = sourcecode.c.h; path = e_os2.h; sourceTree = "<group>"; };
		DB67F20119062FFA007567A9 /* ebcdic.h */ = {isa = PBXFileReference; fileEncoding = 4; lastKnownFileType = sourcecode.c.h; path = ebcdic.h; sourceTree = "<group>"; };
		DB67F20219062FFA007567A9 /* ec.h */ = {isa = PBXFileReference; fileEncoding = 4; lastKnownFileType = sourcecode.c.h; path = ec.h; sourceTree = "<group>"; };
		DB67F20319062FFA007567A9 /* ecdh.h */ = {isa = PBXFileReference; fileEncoding = 4; lastKnownFileType = sourcecode.c.h; path = ecdh.h; sourceTree = "<group>"; };
		DB67F20419062FFA007567A9 /* ecdsa.h */ = {isa = PBXFileReference; fileEncoding = 4; lastKnownFileType = sourcecode.c.h; path = ecdsa.h; sourceTree = "<group>"; };
		DB67F20519062FFA007567A9 /* engine.h */ = {isa = PBXFileReference; fileEncoding = 4; lastKnownFileType = sourcecode.c.h; path = engine.h; sourceTree = "<group>"; };
		DB67F20619062FFA007567A9 /* err.h */ = {isa = PBXFileReference; fileEncoding = 4; lastKnownFileType = sourcecode.c.h; path = err.h; sourceTree = "<group>"; };
		DB67F20719062FFA007567A9 /* evp.h */ = {isa = PBXFileReference; fileEncoding = 4; lastKnownFileType = sourcecode.c.h; path = evp.h; sourceTree = "<group>"; };
		DB67F20819062FFA007567A9 /* hmac.h */ = {isa = PBXFileReference; fileEncoding = 4; lastKnownFileType = sourcecode.c.h; path = hmac.h; sourceTree = "<group>"; };
		DB67F20919062FFA007567A9 /* idea.h */ = {isa = PBXFileReference; fileEncoding = 4; lastKnownFileType = sourcecode.c.h; path = idea.h; sourceTree = "<group>"; };
		DB67F20A19062FFA007567A9 /* krb5_asn.h */ = {isa = PBXFileReference; fileEncoding = 4; lastKnownFileType = sourcecode.c.h; path = krb5_asn.h; sourceTree = "<group>"; };
		DB67F20B19062FFA007567A9 /* kssl.h */ = {isa = PBXFileReference; fileEncoding = 4; lastKnownFileType = sourcecode.c.h; path = kssl.h; sourceTree = "<group>"; };
		DB67F20C19062FFA007567A9 /* lhash.h */ = {isa = PBXFileReference; fileEncoding = 4; lastKnownFileType = sourcecode.c.h; path = lhash.h; sourceTree = "<group>"; };
		DB67F20D19062FFA007567A9 /* md4.h */ = {isa = PBXFileReference; fileEncoding = 4; lastKnownFileType = sourcecode.c.h; path = md4.h; sourceTree = "<group>"; };
		DB67F20E19062FFA007567A9 /* md5.h */ = {isa = PBXFileReference; fileEncoding = 4; lastKnownFileType = sourcecode.c.h; path = md5.h; sourceTree = "<group>"; };
		DB67F20F19062FFA007567A9 /* mdc2.h */ = {isa = PBXFileReference; fileEncoding = 4; lastKnownFileType = sourcecode.c.h; path = mdc2.h; sourceTree = "<group>"; };
		DB67F21019062FFA007567A9 /* modes.h */ = {isa = PBXFileReference; fileEncoding = 4; lastKnownFileType = sourcecode.c.h; path = modes.h; sourceTree = "<group>"; };
		DB67F21119062FFA007567A9 /* obj_mac.h */ = {isa = PBXFileReference; fileEncoding = 4; lastKnownFileType = sourcecode.c.h; path = obj_mac.h; sourceTree = "<group>"; };
		DB67F21219062FFA007567A9 /* objects.h */ = {isa = PBXFileReference; fileEncoding = 4; lastKnownFileType = sourcecode.c.h; path = objects.h; sourceTree = "<group>"; };
		DB67F21319062FFA007567A9 /* ocsp.h */ = {isa = PBXFileReference; fileEncoding = 4; lastKnownFileType = sourcecode.c.h; path = ocsp.h; sourceTree = "<group>"; };
		DB67F21419062FFA007567A9 /* opensslconf.h */ = {isa = PBXFileReference; fileEncoding = 4; lastKnownFileType = sourcecode.c.h; path = opensslconf.h; sourceTree = "<group>"; };
		DB67F21519062FFA007567A9 /* opensslv.h */ = {isa = PBXFileReference; fileEncoding = 4; lastKnownFileType = sourcecode.c.h; path = opensslv.h; sourceTree = "<group>"; };
		DB67F21619062FFA007567A9 /* ossl_typ.h */ = {isa = PBXFileReference; fileEncoding = 4; lastKnownFileType = sourcecode.c.h; path = ossl_typ.h; sourceTree = "<group>"; };
		DB67F21719062FFA007567A9 /* pem.h */ = {isa = PBXFileReference; fileEncoding = 4; lastKnownFileType = sourcecode.c.h; path = pem.h; sourceTree = "<group>"; };
		DB67F21819062FFA007567A9 /* pem2.h */ = {isa = PBXFileReference; fileEncoding = 4; lastKnownFileType = sourcecode.c.h; path = pem2.h; sourceTree = "<group>"; };
		DB67F21919062FFA007567A9 /* pkcs12.h */ = {isa = PBXFileReference; fileEncoding = 4; lastKnownFileType = sourcecode.c.h; path = pkcs12.h; sourceTree = "<group>"; };
		DB67F21A19062FFA007567A9 /* pkcs7.h */ = {isa = PBXFileReference; fileEncoding = 4; lastKnownFileType = sourcecode.c.h; path = pkcs7.h; sourceTree = "<group>"; };
		DB67F21B19062FFA007567A9 /* pqueue.h */ = {isa = PBXFileReference; fileEncoding = 4; lastKnownFileType = sourcecode.c.h; path = pqueue.h; sourceTree = "<group>"; };
		DB67F21C19062FFA007567A9 /* rand.h */ = {isa = PBXFileReference; fileEncoding = 4; lastKnownFileType = sourcecode.c.h; path = rand.h; sourceTree = "<group>"; };
		DB67F21D19062FFA007567A9 /* rc2.h */ = {isa = PBXFileReference; fileEncoding = 4; lastKnownFileType = sourcecode.c.h; path = rc2.h; sourceTree = "<group>"; };
		DB67F21E19062FFA007567A9 /* rc4.h */ = {isa = PBXFileReference; fileEncoding = 4; lastKnownFileType = sourcecode.c.h; path = rc4.h; sourceTree = "<group>"; };
		DB67F21F19062FFA007567A9 /* ripemd.h */ = {isa = PBXFileReference; fileEncoding = 4; lastKnownFileType = sourcecode.c.h; path = ripemd.h; sourceTree = "<group>"; };
		DB67F22019062FFA007567A9 /* rsa.h */ = {isa = PBXFileReference; fileEncoding = 4; lastKnownFileType = sourcecode.c.h; path = rsa.h; sourceTree = "<group>"; };
		DB67F22119062FFA007567A9 /* safestack.h */ = {isa = PBXFileReference; fileEncoding = 4; lastKnownFileType = sourcecode.c.h; path = safestack.h; sourceTree = "<group>"; };
		DB67F22219062FFA007567A9 /* seed.h */ = {isa = PBXFileReference; fileEncoding = 4; lastKnownFileType = sourcecode.c.h; path = seed.h; sourceTree = "<group>"; };
		DB67F22319062FFA007567A9 /* sha.h */ = {isa = PBXFileReference; fileEncoding = 4; lastKnownFileType = sourcecode.c.h; path = sha.h; sourceTree = "<group>"; };
		DB67F22419062FFA007567A9 /* srp.h */ = {isa = PBXFileReference; fileEncoding = 4; lastKnownFileType = sourcecode.c.h; path = srp.h; sourceTree = "<group>"; };
		DB67F22519062FFA007567A9 /* srtp.h */ = {isa = PBXFileReference; fileEncoding = 4; lastKnownFileType = sourcecode.c.h; path = srtp.h; sourceTree = "<group>"; };
		DB67F22619062FFA007567A9 /* ssl.h */ = {isa = PBXFileReference; fileEncoding = 4; lastKnownFileType = sourcecode.c.h; path = ssl.h; sourceTree = "<group>"; };
		DB67F22719062FFA007567A9 /* ssl2.h */ = {isa = PBXFileReference; fileEncoding = 4; lastKnownFileType = sourcecode.c.h; path = ssl2.h; sourceTree = "<group>"; };
		DB67F22819062FFA007567A9 /* ssl23.h */ = {isa = PBXFileReference; fileEncoding = 4; lastKnownFileType = sourcecode.c.h; path = ssl23.h; sourceTree = "<group>"; };
		DB67F22919062FFA007567A9 /* ssl3.h */ = {isa = PBXFileReference; fileEncoding = 4; lastKnownFileType = sourcecode.c.h; path = ssl3.h; sourceTree = "<group>"; };
		DB67F22A19062FFA007567A9 /* stack.h */ = {isa = PBXFileReference; fileEncoding = 4; lastKnownFileType = sourcecode.c.h; path = stack.h; sourceTree = "<group>"; };
		DB67F22B19062FFA007567A9 /* symhacks.h */ = {isa = PBXFileReference; fileEncoding = 4; lastKnownFileType = sourcecode.c.h; path = symhacks.h; sourceTree = "<group>"; };
		DB67F22C19062FFA007567A9 /* tls1.h */ = {isa = PBXFileReference; fileEncoding = 4; lastKnownFileType = sourcecode.c.h; path = tls1.h; sourceTree = "<group>"; };
		DB67F22D19062FFA007567A9 /* ts.h */ = {isa = PBXFileReference; fileEncoding = 4; lastKnownFileType = sourcecode.c.h; path = ts.h; sourceTree = "<group>"; };
		DB67F22E19062FFA007567A9 /* txt_db.h */ = {isa = PBXFileReference; fileEncoding = 4; lastKnownFileType = sourcecode.c.h; path = txt_db.h; sourceTree = "<group>"; };
		DB67F22F19062FFA007567A9 /* ui.h */ = {isa = PBXFileReference; fileEncoding = 4; lastKnownFileType = sourcecode.c.h; path = ui.h; sourceTree = "<group>"; };
		DB67F23019062FFA007567A9 /* ui_compat.h */ = {isa = PBXFileReference; fileEncoding = 4; lastKnownFileType = sourcecode.c.h; path = ui_compat.h; sourceTree = "<group>"; };
		DB67F23119062FFA007567A9 /* whrlpool.h */ = {isa = PBXFileReference; fileEncoding = 4; lastKnownFileType = sourcecode.c.h; path = whrlpool.h; sourceTree = "<group>"; };
		DB67F23219062FFA007567A9 /* x509.h */ = {isa = PBXFileReference; fileEncoding = 4; lastKnownFileType = sourcecode.c.h; path = x509.h; sourceTree = "<group>"; };
		DB67F23319062FFA007567A9 /* x509_vfy.h */ = {isa = PBXFileReference; fileEncoding = 4; lastKnownFileType = sourcecode.c.h; path = x509_vfy.h; sourceTree = "<group>"; };
		DB67F23419062FFA007567A9 /* x509v3.h */ = {isa = PBXFileReference; fileEncoding = 4; lastKnownFileType = sourcecode.c.h; path = x509v3.h; sourceTree = "<group>"; };
		DB67F24719063818007567A9 /* gtest-internal-inl.h */ = {isa = PBXFileReference; fileEncoding = 4; lastKnownFileType = sourcecode.c.h; path = "gtest-internal-inl.h"; sourceTree = "<group>"; };
		DB67F24919064421007567A9 /* thread_platform.h */ = {isa = PBXFileReference; fileEncoding = 4; lastKnownFileType = sourcecode.c.h; path = thread_platform.h; sourceTree = "<group>"; };
		DB67F24C190644C6007567A9 /* build_config.h */ = {isa = PBXFileReference; lastKnownFileType = sourcecode.c.h; path = build_config.h; sourceTree = "<group>"; };
		DB67F24D19065186007567A9 /* non_copyable.h */ = {isa = PBXFileReference; lastKnownFileType = sourcecode.c.h; path = non_copyable.h; sourceTree = "<group>"; };
		DB67F25319074530007567A9 /* unitest_run_all.cpp */ = {isa = PBXFileReference; fileEncoding = 4; lastKnownFileType = sourcecode.cpp.cpp; path = unitest_run_all.cpp; sourceTree = "<group>"; };
		DB67F25419074530007567A9 /* unitest_run_all.h */ = {isa = PBXFileReference; fileEncoding = 4; lastKnownFileType = sourcecode.c.h; path = unitest_run_all.h; sourceTree = "<group>"; };
		DB67F25D1908467A007567A9 /* lock.h */ = {isa = PBXFileReference; fileEncoding = 4; lastKnownFileType = sourcecode.c.h; path = lock.h; sourceTree = "<group>"; };
		DB67F26219084B43007567A9 /* thread_platform_POSIX.cpp */ = {isa = PBXFileReference; fileEncoding = 4; lastKnownFileType = sourcecode.cpp.cpp; path = thread_platform_POSIX.cpp; sourceTree = "<group>"; };
		DB67F26919084CCB007567A9 /* lock_impl.h */ = {isa = PBXFileReference; fileEncoding = 4; lastKnownFileType = sourcecode.c.h; path = lock_impl.h; sourceTree = "<group>"; };
		DB67F26B19084EF1007567A9 /* lock.cpp */ = {isa = PBXFileReference; fileEncoding = 4; lastKnownFileType = sourcecode.cpp.cpp; path = lock.cpp; sourceTree = "<group>"; };
		DB67F2D119089E50007567A9 /* build_utils.cc */ = {isa = PBXFileReference; fileEncoding = 4; lastKnownFileType = sourcecode.cpp.cpp; path = build_utils.cc; sourceTree = "<group>"; };
		DB67F2D219089E50007567A9 /* build_utils.h */ = {isa = PBXFileReference; fileEncoding = 4; lastKnownFileType = sourcecode.c.h; path = build_utils.h; sourceTree = "<group>"; };
		DB67F2D41908CCD9007567A9 /* lock_impl_POSIX.cpp */ = {isa = PBXFileReference; fileEncoding = 4; lastKnownFileType = sourcecode.cpp.cpp; path = lock_impl_POSIX.cpp; sourceTree = "<group>"; };
		DB67F2D91908F164007567A9 /* condition_variable.h */ = {isa = PBXFileReference; fileEncoding = 4; lastKnownFileType = sourcecode.c.h; path = condition_variable.h; sourceTree = "<group>"; };
		DB67F2DB1908F26D007567A9 /* condition_variable.cpp */ = {isa = PBXFileReference; fileEncoding = 4; lastKnownFileType = sourcecode.cpp.cpp; path = condition_variable.cpp; sourceTree = "<group>"; };
		DB67F2DD1908F394007567A9 /* condition_variable_impl.h */ = {isa = PBXFileReference; lastKnownFileType = sourcecode.c.h; path = condition_variable_impl.h; sourceTree = "<group>"; };
		DB67F2DE1908F9D6007567A9 /* condition_variable_impl_POSIX.cpp */ = {isa = PBXFileReference; fileEncoding = 4; lastKnownFileType = sourcecode.cpp.cpp; path = condition_variable_impl_POSIX.cpp; sourceTree = "<group>"; };
		DB67F35F1909A028007567A9 /* error_handler.h */ = {isa = PBXFileReference; lastKnownFileType = sourcecode.c.h; path = error_handler.h; sourceTree = "<group>"; };
		DB67F361190A115D007567A9 /* time.h */ = {isa = PBXFileReference; lastKnownFileType = sourcecode.c.h; path = time.h; sourceTree = "<group>"; };
		DB67F364190A3BDA007567A9 /* thread_platform_IOS.mm */ = {isa = PBXFileReference; fileEncoding = 4; lastKnownFileType = sourcecode.cpp.objcpp; path = thread_platform_IOS.mm; sourceTree = "<group>"; };
		DB67F366190A3CA5007567A9 /* thread_platform_optional_IOS.h */ = {isa = PBXFileReference; fileEncoding = 4; lastKnownFileType = sourcecode.c.h; path = thread_platform_optional_IOS.h; sourceTree = "<group>"; };
		DB67F367190A3CA5007567A9 /* thread_platform_optional_IOS.mm */ = {isa = PBXFileReference; fileEncoding = 4; lastKnownFileType = sourcecode.cpp.objcpp; path = thread_platform_optional_IOS.mm; sourceTree = "<group>"; };
		DB67F389190C9166007567A9 /* run_loop.h */ = {isa = PBXFileReference; fileEncoding = 4; lastKnownFileType = sourcecode.c.h; path = run_loop.h; sourceTree = "<group>"; };
		DB67F38C190C9200007567A9 /* thread_un_safe.h */ = {isa = PBXFileReference; fileEncoding = 4; lastKnownFileType = sourcecode.c.h; path = thread_un_safe.h; sourceTree = "<group>"; };
		DB67F390190C9934007567A9 /* thread_un_safe_debug.cpp */ = {isa = PBXFileReference; fileEncoding = 4; lastKnownFileType = sourcecode.cpp.cpp; path = thread_un_safe_debug.cpp; sourceTree = "<group>"; };
		DB67F391190C9934007567A9 /* thread_un_safe_debug.h */ = {isa = PBXFileReference; fileEncoding = 4; lastKnownFileType = sourcecode.c.h; path = thread_un_safe_debug.h; sourceTree = "<group>"; };
		DB67F394190C9C2F007567A9 /* thread_un_safe_production.h */ = {isa = PBXFileReference; fileEncoding = 4; lastKnownFileType = sourcecode.c.h; path = thread_un_safe_production.h; sourceTree = "<group>"; };
		DB67F397190CE7DF007567A9 /* thread_loopless.h */ = {isa = PBXFileReference; fileEncoding = 4; lastKnownFileType = sourcecode.c.h; path = thread_loopless.h; sourceTree = "<group>"; };
		DB67F399190CE7F6007567A9 /* thread_loopless.cpp */ = {isa = PBXFileReference; fileEncoding = 4; lastKnownFileType = sourcecode.cpp.cpp; path = thread_loopless.cpp; sourceTree = "<group>"; };
		DB67F39C190CE85A007567A9 /* thread_platform_UNIT_TEST.cpp */ = {isa = PBXFileReference; fileEncoding = 4; lastKnownFileType = sourcecode.cpp.cpp; path = thread_platform_UNIT_TEST.cpp; sourceTree = "<group>"; };
		DB67F39D190CE85A007567A9 /* thread_un_safe_UNIT_TEST.cpp */ = {isa = PBXFileReference; fileEncoding = 4; lastKnownFileType = sourcecode.cpp.cpp; path = thread_un_safe_UNIT_TEST.cpp; sourceTree = "<group>"; };
		DB67F3A1190CE878007567A9 /* lock_UNIT_TEST.cpp */ = {isa = PBXFileReference; fileEncoding = 4; lastKnownFileType = sourcecode.cpp.cpp; path = lock_UNIT_TEST.cpp; sourceTree = "<group>"; };
		DB67F3A3190CF76A007567A9 /* thread_loopless_UNIT_TEST.cpp */ = {isa = PBXFileReference; fileEncoding = 4; lastKnownFileType = sourcecode.cpp.cpp; path = thread_loopless_UNIT_TEST.cpp; sourceTree = "<group>"; };
		DB67F3AA190DD16B007567A9 /* run_loop_DARWIN.h */ = {isa = PBXFileReference; fileEncoding = 4; lastKnownFileType = sourcecode.c.h; path = run_loop_DARWIN.h; sourceTree = "<group>"; };
		DB67F3AC190DD18F007567A9 /* run_loop_DARWIN.mm */ = {isa = PBXFileReference; fileEncoding = 4; lastKnownFileType = sourcecode.cpp.objcpp; path = run_loop_DARWIN.mm; sourceTree = "<group>"; };
		DB67F5001910589B007567A9 /* run_loop_cocoa_DARWIN.mm */ = {isa = PBXFileReference; fileEncoding = 4; lastKnownFileType = sourcecode.cpp.objcpp; path = run_loop_cocoa_DARWIN.mm; sourceTree = "<group>"; };
		DB67F5011910589B007567A9 /* run_loop_cocoa_DARWIN.h */ = {isa = PBXFileReference; fileEncoding = 4; lastKnownFileType = sourcecode.c.h; path = run_loop_cocoa_DARWIN.h; sourceTree = "<group>"; };
		DBB190E81914BA0E006C9EAE /* task_pending_queue.cpp */ = {isa = PBXFileReference; fileEncoding = 4; lastKnownFileType = sourcecode.cpp.cpp; path = task_pending_queue.cpp; sourceTree = "<group>"; };
		DBB1915B1915F7C9006C9EAE /* log.h */ = {isa = PBXFileReference; fileEncoding = 4; lastKnownFileType = sourcecode.c.h; path = log.h; sourceTree = "<group>"; };
		DBB1915C1915F7C9006C9EAE /* log_level.h */ = {isa = PBXFileReference; fileEncoding = 4; lastKnownFileType = sourcecode.c.h; path = log_level.h; sourceTree = "<group>"; };
		DBB1915E1915F7C9006C9EAE /* log_output.h */ = {isa = PBXFileReference; fileEncoding = 4; lastKnownFileType = sourcecode.c.h; path = log_output.h; sourceTree = "<group>"; };
		DBB191601915F7C9006C9EAE /* log.cpp */ = {isa = PBXFileReference; fileEncoding = 4; lastKnownFileType = sourcecode.cpp.cpp; path = log.cpp; sourceTree = "<group>"; };
		DBB1916319161335006C9EAE /* log_output.cpp */ = {isa = PBXFileReference; fileEncoding = 4; lastKnownFileType = sourcecode.cpp.cpp; path = log_output.cpp; sourceTree = "<group>"; };
		DBB19166191620A7006C9EAE /* log_UNIT_TEST.cpp */ = {isa = PBXFileReference; fileEncoding = 4; lastKnownFileType = sourcecode.cpp.cpp; path = log_UNIT_TEST.cpp; sourceTree = "<group>"; };
		DBB191681916259F006C9EAE /* log_logger.h */ = {isa = PBXFileReference; lastKnownFileType = sourcecode.c.h; path = log_logger.h; sourceTree = "<group>"; };
		DBB1916D19171923006C9EAE /* thread_loopful.h */ = {isa = PBXFileReference; fileEncoding = 4; lastKnownFileType = sourcecode.c.h; path = thread_loopful.h; sourceTree = "<group>"; };
		DBB191701917196E006C9EAE /* thread_loopful.cpp */ = {isa = PBXFileReference; fileEncoding = 4; lastKnownFileType = sourcecode.cpp.cpp; path = thread_loopful.cpp; sourceTree = "<group>"; };
		DBB191711917196E006C9EAE /* thread_loopless.cpp */ = {isa = PBXFileReference; fileEncoding = 4; lastKnownFileType = sourcecode.cpp.cpp; path = thread_loopless.cpp; sourceTree = "<group>"; };
/* End PBXFileReference section */

/* Begin PBXFrameworksBuildPhase section */
		DB67F16F19062BC3007567A9 /* Frameworks */ = {
			isa = PBXFrameworksBuildPhase;
			buildActionMask = 2147483647;
			files = (
				DB67F17819062BC3007567A9 /* CoreGraphics.framework in Frameworks */,
				DB67F17A19062BC3007567A9 /* UIKit.framework in Frameworks */,
				DB67F17619062BC3007567A9 /* Foundation.framework in Frameworks */,
			);
			runOnlyForDeploymentPostprocessing = 0;
		};
		DB67F19619062BC3007567A9 /* Frameworks */ = {
			isa = PBXFrameworksBuildPhase;
			buildActionMask = 2147483647;
			files = (
				DB67F19B19062BC3007567A9 /* XCTest.framework in Frameworks */,
				DB67F19D19062BC3007567A9 /* UIKit.framework in Frameworks */,
				DB67F19C19062BC3007567A9 /* Foundation.framework in Frameworks */,
			);
			runOnlyForDeploymentPostprocessing = 0;
		};
/* End PBXFrameworksBuildPhase section */

/* Begin PBXGroup section */
		DB31E77D19120DD0009A6CF6 /* task */ = {
			isa = PBXGroup;
			children = (
				DBB190E71914B9D0006C9EAE /* unittests */,
				DB31E79119122554009A6CF6 /* src */,
				DB31E77E19120DD0009A6CF6 /* detail */,
				DB31E78219120DD0009A6CF6 /* task.h */,
				DB31E78319120DD0009A6CF6 /* task_lambda.h */,
				DB31E78419120DD0009A6CF6 /* task_pending_q_listener.h */,
				DB31E78519120DD0009A6CF6 /* task_pending_queue.h */,
				DB31E78A191214AC009A6CF6 /* task_queue.h */,
				DB31E7A019123244009A6CF6 /* task_spectator.h */,
			);
			path = task;
			sourceTree = "<group>";
		};
		DB31E77E19120DD0009A6CF6 /* detail */ = {
			isa = PBXGroup;
			children = (
			);
			path = detail;
			sourceTree = "<group>";
		};
		DB31E79119122554009A6CF6 /* src */ = {
			isa = PBXGroup;
			children = (
				DB31E79219122554009A6CF6 /* task.cpp */,
				DB31E79319122554009A6CF6 /* task_lambda.cpp */,
				DB31E79419122554009A6CF6 /* task_pending_queue.cpp */,
			);
			path = src;
			sourceTree = "<group>";
		};
		DB31E79819122581009A6CF6 /* eventdispatcher */ = {
			isa = PBXGroup;
			children = (
				DB31E79A19122581009A6CF6 /* event_dispatcher.h */,
				DB31E79F191229A0009A6CF6 /* event_dispatcher_destructor_spectator.h */,
				DB31E79919122581009A6CF6 /* detail */,
				DB31E79B19122581009A6CF6 /* src */,
				DB31E79D19122581009A6CF6 /* unittests */,
			);
			path = eventdispatcher;
			sourceTree = "<group>";
		};
		DB31E79919122581009A6CF6 /* detail */ = {
			isa = PBXGroup;
			children = (
			);
			path = detail;
			sourceTree = "<group>";
		};
		DB31E79B19122581009A6CF6 /* src */ = {
			isa = PBXGroup;
			children = (
				DB31E79C19122581009A6CF6 /* event_dispatcher.cpp */,
			);
			path = src;
			sourceTree = "<group>";
		};
		DB31E79D19122581009A6CF6 /* unittests */ = {
			isa = PBXGroup;
			children = (
				DB31E7A51912DF56009A6CF6 /* event_dispatcher_UT.cpp */,
			);
			path = unittests;
			sourceTree = "<group>";
		};
		DB31E7A21912DAEC009A6CF6 /* src */ = {
			isa = PBXGroup;
			children = (
				DB31E7A31912DAFE009A6CF6 /* run_loop_factory.cpp */,
			);
			path = src;
			sourceTree = "<group>";
		};
		DB67F16919062BC3007567A9 = {
			isa = PBXGroup;
			children = (
				DBB1915A1915F7C9006C9EAE /* logging */,
				DB67F1B019062FFA007567A9 /* src */,
				DB67F17B19062BC3007567A9 /* vClientTemplateLib */,
				DB67F1A019062BC3007567A9 /* vClientTemplateLibTests */,
				DB67F17419062BC3007567A9 /* Frameworks */,
				DB67F17319062BC3007567A9 /* Products */,
			);
			sourceTree = "<group>";
		};
		DB67F17319062BC3007567A9 /* Products */ = {
			isa = PBXGroup;
			children = (
				DB67F17219062BC3007567A9 /* vClientTemplateLib.app */,
				DB67F19919062BC3007567A9 /* vClientTemplateLibTests.xctest */,
			);
			name = Products;
			sourceTree = "<group>";
		};
		DB67F17419062BC3007567A9 /* Frameworks */ = {
			isa = PBXGroup;
			children = (
				DB67F17519062BC3007567A9 /* Foundation.framework */,
				DB67F17719062BC3007567A9 /* CoreGraphics.framework */,
				DB67F17919062BC3007567A9 /* UIKit.framework */,
				DB67F19A19062BC3007567A9 /* XCTest.framework */,
			);
			name = Frameworks;
			sourceTree = "<group>";
		};
		DB67F17B19062BC3007567A9 /* vClientTemplateLib */ = {
			isa = PBXGroup;
			children = (
				DB31E76A19117EA3009A6CF6 /* CDetailViewController.h */,
				DB31E76B19117EA3009A6CF6 /* CDetailViewController.mm */,
				DB31E76C19117EA3009A6CF6 /* CMasterViewController.h */,
				DB31E76D19117EA3009A6CF6 /* CMasterViewController.mm */,
				DB67F18419062BC3007567A9 /* CAppDelegate.h */,
				DB67F18519062BC3007567A9 /* CAppDelegate.mm */,
				DB67F19319062BC3007567A9 /* Images.xcassets */,
				DB67F17C19062BC3007567A9 /* Supporting Files */,
			);
			path = vClientTemplateLib;
			sourceTree = "<group>";
		};
		DB67F17C19062BC3007567A9 /* Supporting Files */ = {
			isa = PBXGroup;
			children = (
				DB67F17D19062BC3007567A9 /* vClientTemplateLib-Info.plist */,
				DB67F17E19062BC3007567A9 /* InfoPlist.strings */,
				DB67F18119062BC3007567A9 /* main.m */,
				DB67F18319062BC3007567A9 /* vClientTemplateLib-Prefix.pch */,
			);
			name = "Supporting Files";
			sourceTree = "<group>";
		};
		DB67F1A019062BC3007567A9 /* vClientTemplateLibTests */ = {
			isa = PBXGroup;
			children = (
				DB67F1A619062BC3007567A9 /* vClientTemplateLibTests.m */,
				DB67F1A119062BC3007567A9 /* Supporting Files */,
			);
			path = vClientTemplateLibTests;
			sourceTree = "<group>";
		};
		DB67F1A119062BC3007567A9 /* Supporting Files */ = {
			isa = PBXGroup;
			children = (
				DB67F1A219062BC3007567A9 /* vClientTemplateLibTests-Info.plist */,
				DB67F1A319062BC3007567A9 /* InfoPlist.strings */,
			);
			name = "Supporting Files";
			sourceTree = "<group>";
		};
		DB67F1B019062FFA007567A9 /* src */ = {
			isa = PBXGroup;
			children = (
				DB67F25219074530007567A9 /* test */,
				DB67F24B190644AE007567A9 /* build */,
				DB67F1B119062FFA007567A9 /* 3p */,
				DB67F23519062FFA007567A9 /* base */,
			);
			name = src;
			path = ../../../src;
			sourceTree = "<group>";
		};
		DB67F1B119062FFA007567A9 /* 3p */ = {
			isa = PBXGroup;
			children = (
				DB67F1B219062FFA007567A9 /* curl */,
				DB67F1BE19062FFA007567A9 /* flurry */,
				DB67F1C019062FFA007567A9 /* google */,
				DB67F1E819062FFA007567A9 /* openssl */,
			);
			path = 3p;
			sourceTree = "<group>";
		};
		DB67F1B219062FFA007567A9 /* curl */ = {
			isa = PBXGroup;
			children = (
				DB67F1B319062FFA007567A9 /* curl_works */,
			);
			path = curl;
			sourceTree = "<group>";
		};
		DB67F1B319062FFA007567A9 /* curl_works */ = {
			isa = PBXGroup;
			children = (
				DB67F1B419062FFA007567A9 /* curl */,
			);
			path = curl_works;
			sourceTree = "<group>";
		};
		DB67F1B419062FFA007567A9 /* curl */ = {
			isa = PBXGroup;
			children = (
				DB67F1B519062FFA007567A9 /* curl.h */,
				DB67F1B619062FFA007567A9 /* curlbuild.h */,
				DB67F1B719062FFA007567A9 /* curlrules.h */,
				DB67F1B819062FFA007567A9 /* curlver.h */,
				DB67F1B919062FFA007567A9 /* easy.h */,
				DB67F1BA19062FFA007567A9 /* mprintf.h */,
				DB67F1BB19062FFA007567A9 /* multi.h */,
				DB67F1BC19062FFA007567A9 /* stdcheaders.h */,
				DB67F1BD19062FFA007567A9 /* typecheck-gcc.h */,
			);
			path = curl;
			sourceTree = "<group>";
		};
		DB67F1BE19062FFA007567A9 /* flurry */ = {
			isa = PBXGroup;
			children = (
				DB67F1BF19062FFA007567A9 /* Flurry.h */,
			);
			path = flurry;
			sourceTree = "<group>";
		};
		DB67F1C019062FFA007567A9 /* google */ = {
			isa = PBXGroup;
			children = (
				DB67F1C119062FFA007567A9 /* gtest */,
			);
			path = google;
			sourceTree = "<group>";
		};
		DB67F1C119062FFA007567A9 /* gtest */ = {
			isa = PBXGroup;
			children = (
				DB67F1C219062FFA007567A9 /* include */,
				DB67F1DD19062FFA007567A9 /* src */,
			);
			path = gtest;
			sourceTree = "<group>";
		};
		DB67F1C219062FFA007567A9 /* include */ = {
			isa = PBXGroup;
			children = (
				DB67F1C319062FFA007567A9 /* gtest */,
			);
			path = include;
			sourceTree = "<group>";
		};
		DB67F1C319062FFA007567A9 /* gtest */ = {
			isa = PBXGroup;
			children = (
				DB67F1CC19062FFA007567A9 /* gtest.h */,
			);
			path = gtest;
			sourceTree = "<group>";
		};
		DB67F1DD19062FFA007567A9 /* src */ = {
			isa = PBXGroup;
			children = (
				DB67F24719063818007567A9 /* gtest-internal-inl.h */,
				DB67F1DF19062FFA007567A9 /* gtest-death-test.cc */,
				DB67F1E019062FFA007567A9 /* gtest-filepath.cc */,
				DB67F1E219062FFA007567A9 /* gtest-port.cc */,
				DB67F1E319062FFA007567A9 /* gtest-printers.cc */,
				DB67F1E419062FFA007567A9 /* gtest-test-part.cc */,
				DB67F1E519062FFA007567A9 /* gtest-typed-test.cc */,
				DB67F1E619062FFA007567A9 /* gtest.cc */,
			);
			path = src;
			sourceTree = "<group>";
		};
		DB67F1E819062FFA007567A9 /* openssl */ = {
			isa = PBXGroup;
			children = (
				DB67F1E919062FFA007567A9 /* openssl */,
			);
			path = openssl;
			sourceTree = "<group>";
		};
		DB67F1E919062FFA007567A9 /* openssl */ = {
			isa = PBXGroup;
			children = (
				DB67F1EA19062FFA007567A9 /* aes.h */,
				DB67F1EB19062FFA007567A9 /* asn1.h */,
				DB67F1EC19062FFA007567A9 /* asn1_mac.h */,
				DB67F1ED19062FFA007567A9 /* asn1t.h */,
				DB67F1EE19062FFA007567A9 /* bio.h */,
				DB67F1EF19062FFA007567A9 /* blowfish.h */,
				DB67F1F019062FFA007567A9 /* bn.h */,
				DB67F1F119062FFA007567A9 /* buffer.h */,
				DB67F1F219062FFA007567A9 /* camellia.h */,
				DB67F1F319062FFA007567A9 /* cast.h */,
				DB67F1F419062FFA007567A9 /* cmac.h */,
				DB67F1F519062FFA007567A9 /* cms.h */,
				DB67F1F619062FFA007567A9 /* comp.h */,
				DB67F1F719062FFA007567A9 /* conf.h */,
				DB67F1F819062FFA007567A9 /* conf_api.h */,
				DB67F1F919062FFA007567A9 /* crypto.h */,
				DB67F1FA19062FFA007567A9 /* des.h */,
				DB67F1FB19062FFA007567A9 /* des_old.h */,
				DB67F1FC19062FFA007567A9 /* dh.h */,
				DB67F1FD19062FFA007567A9 /* dsa.h */,
				DB67F1FE19062FFA007567A9 /* dso.h */,
				DB67F1FF19062FFA007567A9 /* dtls1.h */,
				DB67F20019062FFA007567A9 /* e_os2.h */,
				DB67F20119062FFA007567A9 /* ebcdic.h */,
				DB67F20219062FFA007567A9 /* ec.h */,
				DB67F20319062FFA007567A9 /* ecdh.h */,
				DB67F20419062FFA007567A9 /* ecdsa.h */,
				DB67F20519062FFA007567A9 /* engine.h */,
				DB67F20619062FFA007567A9 /* err.h */,
				DB67F20719062FFA007567A9 /* evp.h */,
				DB67F20819062FFA007567A9 /* hmac.h */,
				DB67F20919062FFA007567A9 /* idea.h */,
				DB67F20A19062FFA007567A9 /* krb5_asn.h */,
				DB67F20B19062FFA007567A9 /* kssl.h */,
				DB67F20C19062FFA007567A9 /* lhash.h */,
				DB67F20D19062FFA007567A9 /* md4.h */,
				DB67F20E19062FFA007567A9 /* md5.h */,
				DB67F20F19062FFA007567A9 /* mdc2.h */,
				DB67F21019062FFA007567A9 /* modes.h */,
				DB67F21119062FFA007567A9 /* obj_mac.h */,
				DB67F21219062FFA007567A9 /* objects.h */,
				DB67F21319062FFA007567A9 /* ocsp.h */,
				DB67F21419062FFA007567A9 /* opensslconf.h */,
				DB67F21519062FFA007567A9 /* opensslv.h */,
				DB67F21619062FFA007567A9 /* ossl_typ.h */,
				DB67F21719062FFA007567A9 /* pem.h */,
				DB67F21819062FFA007567A9 /* pem2.h */,
				DB67F21919062FFA007567A9 /* pkcs12.h */,
				DB67F21A19062FFA007567A9 /* pkcs7.h */,
				DB67F21B19062FFA007567A9 /* pqueue.h */,
				DB67F21C19062FFA007567A9 /* rand.h */,
				DB67F21D19062FFA007567A9 /* rc2.h */,
				DB67F21E19062FFA007567A9 /* rc4.h */,
				DB67F21F19062FFA007567A9 /* ripemd.h */,
				DB67F22019062FFA007567A9 /* rsa.h */,
				DB67F22119062FFA007567A9 /* safestack.h */,
				DB67F22219062FFA007567A9 /* seed.h */,
				DB67F22319062FFA007567A9 /* sha.h */,
				DB67F22419062FFA007567A9 /* srp.h */,
				DB67F22519062FFA007567A9 /* srtp.h */,
				DB67F22619062FFA007567A9 /* ssl.h */,
				DB67F22719062FFA007567A9 /* ssl2.h */,
				DB67F22819062FFA007567A9 /* ssl23.h */,
				DB67F22919062FFA007567A9 /* ssl3.h */,
				DB67F22A19062FFA007567A9 /* stack.h */,
				DB67F22B19062FFA007567A9 /* symhacks.h */,
				DB67F22C19062FFA007567A9 /* tls1.h */,
				DB67F22D19062FFA007567A9 /* ts.h */,
				DB67F22E19062FFA007567A9 /* txt_db.h */,
				DB67F22F19062FFA007567A9 /* ui.h */,
				DB67F23019062FFA007567A9 /* ui_compat.h */,
				DB67F23119062FFA007567A9 /* whrlpool.h */,
				DB67F23219062FFA007567A9 /* x509.h */,
				DB67F23319062FFA007567A9 /* x509_vfy.h */,
				DB67F23419062FFA007567A9 /* x509v3.h */,
			);
			path = openssl;
			sourceTree = "<group>";
		};
		DB67F23519062FFA007567A9 /* base */ = {
			isa = PBXGroup;
			children = (
				DB31E79819122581009A6CF6 /* eventdispatcher */,
				DB31E77D19120DD0009A6CF6 /* task */,
				DB67F387190C913A007567A9 /* runloop */,
				DB67F360190A114E007567A9 /* time */,
				DB67F23619062FFA007567A9 /* file */,
				DB67F23719062FFA007567A9 /* memory */,
				DB67F23819062FFA007567A9 /* synchronize */,
				DB67F23919062FFA007567A9 /* thread */,
				DB67F24D19065186007567A9 /* non_copyable.h */,
				DB67F35F1909A028007567A9 /* error_handler.h */,
			);
			path = base;
			sourceTree = "<group>";
		};
		DB67F23619062FFA007567A9 /* file */ = {
			isa = PBXGroup;
			children = (
			);
			path = file;
			sourceTree = "<group>";
		};
		DB67F23719062FFA007567A9 /* memory */ = {
			isa = PBXGroup;
			children = (
			);
			path = memory;
			sourceTree = "<group>";
		};
		DB67F23819062FFA007567A9 /* synchronize */ = {
			isa = PBXGroup;
			children = (
				DB67F3A0190CE878007567A9 /* unittests */,
				DB67F26719084B7D007567A9 /* detail */,
				DB67F25D1908467A007567A9 /* lock.h */,
				DB67F2D91908F164007567A9 /* condition_variable.h */,
			);
			path = synchronize;
			sourceTree = "<group>";
		};
		DB67F23919062FFA007567A9 /* thread */ = {
			isa = PBXGroup;
			children = (
				DBB1916F1917196E006C9EAE /* src */,
				DB67F39B190CE85A007567A9 /* unittests */,
				DB67F25F19084B43007567A9 /* detail */,
				DB67F24919064421007567A9 /* thread_platform.h */,
				DB67F38C190C9200007567A9 /* thread_un_safe.h */,
				DB67F397190CE7DF007567A9 /* thread_loopless.h */,
				DBB1916D19171923006C9EAE /* thread_loopful.h */,
			);
			path = thread;
			sourceTree = "<group>";
		};
		DB67F24B190644AE007567A9 /* build */ = {
			isa = PBXGroup;
			children = (
				DB67F2D119089E50007567A9 /* build_utils.cc */,
				DB67F2D219089E50007567A9 /* build_utils.h */,
				DB67F24C190644C6007567A9 /* build_config.h */,
			);
			path = build;
			sourceTree = "<group>";
		};
		DB67F25219074530007567A9 /* test */ = {
			isa = PBXGroup;
			children = (
				DB67F25319074530007567A9 /* unitest_run_all.cpp */,
				DB67F25419074530007567A9 /* unitest_run_all.h */,
			);
			path = test;
			sourceTree = "<group>";
		};
		DB67F25F19084B43007567A9 /* detail */ = {
			isa = PBXGroup;
			children = (
				DB67F399190CE7F6007567A9 /* thread_loopless.cpp */,
				DB67F362190A3BB0007567A9 /* android */,
				DB67F363190A3BB0007567A9 /* ios */,
				DB67F26219084B43007567A9 /* thread_platform_POSIX.cpp */,
				DB67F390190C9934007567A9 /* thread_un_safe_debug.cpp */,
				DB67F391190C9934007567A9 /* thread_un_safe_debug.h */,
				DB67F394190C9C2F007567A9 /* thread_un_safe_production.h */,
			);
			path = detail;
			sourceTree = "<group>";
		};
		DB67F26719084B7D007567A9 /* detail */ = {
			isa = PBXGroup;
			children = (
				DB67F2DB1908F26D007567A9 /* condition_variable.cpp */,
				DB67F26B19084EF1007567A9 /* lock.cpp */,
				DB67F26919084CCB007567A9 /* lock_impl.h */,
				DB67F2D41908CCD9007567A9 /* lock_impl_POSIX.cpp */,
				DB67F2DD1908F394007567A9 /* condition_variable_impl.h */,
				DB67F2DE1908F9D6007567A9 /* condition_variable_impl_POSIX.cpp */,
			);
			path = detail;
			sourceTree = "<group>";
		};
		DB67F360190A114E007567A9 /* time */ = {
			isa = PBXGroup;
			children = (
				DB67F361190A115D007567A9 /* time.h */,
			);
			path = time;
			sourceTree = "<group>";
		};
		DB67F362190A3BB0007567A9 /* android */ = {
			isa = PBXGroup;
			children = (
			);
			path = android;
			sourceTree = "<group>";
		};
		DB67F363190A3BB0007567A9 /* ios */ = {
			isa = PBXGroup;
			children = (
				DB67F366190A3CA5007567A9 /* thread_platform_optional_IOS.h */,
				DB67F367190A3CA5007567A9 /* thread_platform_optional_IOS.mm */,
				DB67F364190A3BDA007567A9 /* thread_platform_IOS.mm */,
			);
			path = ios;
			sourceTree = "<group>";
		};
		DB67F387190C913A007567A9 /* runloop */ = {
			isa = PBXGroup;
			children = (
				DB31E7A21912DAEC009A6CF6 /* src */,
				DB67F3A5190DD11E007567A9 /* detail */,
				DB67F3A8190DD11E007567A9 /* unittests */,
				DB67F389190C9166007567A9 /* run_loop.h */,
				DB31E7A11912D9FB009A6CF6 /* run_loop_factory.h */,
			);
			path = runloop;
			sourceTree = "<group>";
		};
		DB67F39B190CE85A007567A9 /* unittests */ = {
			isa = PBXGroup;
			children = (
				DB67F39C190CE85A007567A9 /* thread_platform_UNIT_TEST.cpp */,
				DB67F39D190CE85A007567A9 /* thread_un_safe_UNIT_TEST.cpp */,
				DB67F3A3190CF76A007567A9 /* thread_loopless_UNIT_TEST.cpp */,
			);
			path = unittests;
			sourceTree = "<group>";
		};
		DB67F3A0190CE878007567A9 /* unittests */ = {
			isa = PBXGroup;
			children = (
				DB67F3A1190CE878007567A9 /* lock_UNIT_TEST.cpp */,
			);
			path = unittests;
			sourceTree = "<group>";
		};
		DB67F3A5190DD11E007567A9 /* detail */ = {
			isa = PBXGroup;
			children = (
				DB67F3A6190DD11E007567A9 /* darwin */,
			);
			path = detail;
			sourceTree = "<group>";
		};
		DB67F3A6190DD11E007567A9 /* darwin */ = {
			isa = PBXGroup;
			children = (
				DB67F3A7190DD11E007567A9 /* ios */,
				DB67F3AA190DD16B007567A9 /* run_loop_DARWIN.h */,
				DB67F3AC190DD18F007567A9 /* run_loop_DARWIN.mm */,
				DB67F5001910589B007567A9 /* run_loop_cocoa_DARWIN.mm */,
				DB67F5011910589B007567A9 /* run_loop_cocoa_DARWIN.h */,
			);
			path = darwin;
			sourceTree = "<group>";
		};
		DB67F3A7190DD11E007567A9 /* ios */ = {
			isa = PBXGroup;
			children = (
			);
			path = ios;
			sourceTree = "<group>";
		};
		DB67F3A8190DD11E007567A9 /* unittests */ = {
			isa = PBXGroup;
			children = (
				DB31E7671910D0D7009A6CF6 /* run_loop_cocoa_darwin_UT.mm */,
			);
			path = unittests;
			sourceTree = "<group>";
		};
		DBB190E71914B9D0006C9EAE /* unittests */ = {
			isa = PBXGroup;
			children = (
				DBB190E81914BA0E006C9EAE /* task_pending_queue.cpp */,
			);
			path = unittests;
			sourceTree = "<group>";
		};
		DBB1915A1915F7C9006C9EAE /* logging */ = {
			isa = PBXGroup;
			children = (
				DBB1916519162061006C9EAE /* unittests */,
				DBB1915B1915F7C9006C9EAE /* log.h */,
				DBB191681916259F006C9EAE /* log_logger.h */,
				DBB1915C1915F7C9006C9EAE /* log_level.h */,
				DBB1915E1915F7C9006C9EAE /* log_output.h */,
				DBB1915F1915F7C9006C9EAE /* src */,
			);
			name = logging;
			path = ../../../src/logging;
			sourceTree = "<group>";
		};
		DBB1915F1915F7C9006C9EAE /* src */ = {
			isa = PBXGroup;
			children = (
				DBB1916319161335006C9EAE /* log_output.cpp */,
				DBB191601915F7C9006C9EAE /* log.cpp */,
			);
			path = src;
			sourceTree = "<group>";
		};
		DBB1916519162061006C9EAE /* unittests */ = {
			isa = PBXGroup;
			children = (
				DBB19166191620A7006C9EAE /* log_UNIT_TEST.cpp */,
			);
			path = unittests;
			sourceTree = "<group>";
		};
		DBB1916F1917196E006C9EAE /* src */ = {
			isa = PBXGroup;
			children = (
				DBB191701917196E006C9EAE /* thread_loopful.cpp */,
				DBB191711917196E006C9EAE /* thread_loopless.cpp */,
			);
			path = src;
			sourceTree = "<group>";
		};
/* End PBXGroup section */

/* Begin PBXNativeTarget section */
		DB67F17119062BC3007567A9 /* vClientTemplateLib */ = {
			isa = PBXNativeTarget;
			buildConfigurationList = DB67F1AA19062BC3007567A9 /* Build configuration list for PBXNativeTarget "vClientTemplateLib" */;
			buildPhases = (
				DB67F16E19062BC3007567A9 /* Sources */,
				DB67F16F19062BC3007567A9 /* Frameworks */,
				DB67F17019062BC3007567A9 /* Resources */,
			);
			buildRules = (
			);
			dependencies = (
			);
			name = vClientTemplateLib;
			productName = vClientTemplateLib;
			productReference = DB67F17219062BC3007567A9 /* vClientTemplateLib.app */;
			productType = "com.apple.product-type.application";
		};
		DB67F19819062BC3007567A9 /* vClientTemplateLibTests */ = {
			isa = PBXNativeTarget;
			buildConfigurationList = DB67F1AD19062BC3007567A9 /* Build configuration list for PBXNativeTarget "vClientTemplateLibTests" */;
			buildPhases = (
				DB67F19519062BC3007567A9 /* Sources */,
				DB67F19619062BC3007567A9 /* Frameworks */,
				DB67F19719062BC3007567A9 /* Resources */,
			);
			buildRules = (
			);
			dependencies = (
				DB67F19F19062BC3007567A9 /* PBXTargetDependency */,
			);
			name = vClientTemplateLibTests;
			productName = vClientTemplateLibTests;
			productReference = DB67F19919062BC3007567A9 /* vClientTemplateLibTests.xctest */;
			productType = "com.apple.product-type.bundle.unit-test";
		};
/* End PBXNativeTarget section */

/* Begin PBXProject section */
		DB67F16A19062BC3007567A9 /* Project object */ = {
			isa = PBXProject;
			attributes = {
				CLASSPREFIX = C;
				LastUpgradeCheck = 0510;
				ORGANIZATIONNAME = "Virendra Shakya";
				TargetAttributes = {
					DB67F19819062BC3007567A9 = {
						TestTargetID = DB67F17119062BC3007567A9;
					};
				};
			};
			buildConfigurationList = DB67F16D19062BC3007567A9 /* Build configuration list for PBXProject "vClientTemplateLib" */;
			compatibilityVersion = "Xcode 3.2";
			developmentRegion = English;
			hasScannedForEncodings = 0;
			knownRegions = (
				en,
				Base,
			);
			mainGroup = DB67F16919062BC3007567A9;
			productRefGroup = DB67F17319062BC3007567A9 /* Products */;
			projectDirPath = "";
			projectRoot = "";
			targets = (
				DB67F17119062BC3007567A9 /* vClientTemplateLib */,
				DB67F19819062BC3007567A9 /* vClientTemplateLibTests */,
			);
		};
/* End PBXProject section */

/* Begin PBXResourcesBuildPhase section */
		DB67F17019062BC3007567A9 /* Resources */ = {
			isa = PBXResourcesBuildPhase;
			buildActionMask = 2147483647;
			files = (
				DB67F19419062BC3007567A9 /* Images.xcassets in Resources */,
				DB67F18019062BC3007567A9 /* InfoPlist.strings in Resources */,
			);
			runOnlyForDeploymentPostprocessing = 0;
		};
		DB67F19719062BC3007567A9 /* Resources */ = {
			isa = PBXResourcesBuildPhase;
			buildActionMask = 2147483647;
			files = (
				DB67F1A519062BC3007567A9 /* InfoPlist.strings in Resources */,
			);
			runOnlyForDeploymentPostprocessing = 0;
		};
/* End PBXResourcesBuildPhase section */

/* Begin PBXSourcesBuildPhase section */
		DB67F16E19062BC3007567A9 /* Sources */ = {
			isa = PBXSourcesBuildPhase;
			buildActionMask = 2147483647;
			files = (
				DB67F25519074530007567A9 /* unitest_run_all.cpp in Sources */,
				DB31E7691910D0D7009A6CF6 /* run_loop_cocoa_darwin_UT.mm in Sources */,
				DB31E79719122554009A6CF6 /* task_pending_queue.cpp in Sources */,
				DB67F24419062FFA007567A9 /* gtest-typed-test.cc in Sources */,
				DB67F26C19084EF1007567A9 /* lock.cpp in Sources */,
				DB67F26519084B43007567A9 /* thread_platform_POSIX.cpp in Sources */,
				DB67F365190A3BDA007567A9 /* thread_platform_IOS.mm in Sources */,
				DB67F3A4190CF76A007567A9 /* thread_loopless_UNIT_TEST.cpp in Sources */,
				DB67F39F190CE85A007567A9 /* thread_un_safe_UNIT_TEST.cpp in Sources */,
				DB67F2D319089E50007567A9 /* build_utils.cc in Sources */,
				DB67F24019062FFA007567A9 /* gtest-filepath.cc in Sources */,
				DBB191721917196E006C9EAE /* thread_loopful.cpp in Sources */,
				DB67F24319062FFA007567A9 /* gtest-test-part.cc in Sources */,
				DB67F24119062FFA007567A9 /* gtest-port.cc in Sources */,
				DB31E76E19117EA3009A6CF6 /* CDetailViewController.mm in Sources */,
				DB67F18619062BC3007567A9 /* CAppDelegate.mm in Sources */,
				DB31E76F19117EA3009A6CF6 /* CMasterViewController.mm in Sources */,
				DB31E7A61912DF56009A6CF6 /* event_dispatcher_UT.cpp in Sources */,
				DB67F39A190CE7F6007567A9 /* thread_loopless.cpp in Sources */,
				DB67F2D51908CCD9007567A9 /* lock_impl_POSIX.cpp in Sources */,
				DB67F24219062FFA007567A9 /* gtest-printers.cc in Sources */,
				DB67F18219062BC3007567A9 /* main.m in Sources */,
				DB31E79619122554009A6CF6 /* task_lambda.cpp in Sources */,
				DBB191731917196E006C9EAE /* thread_loopless.cpp in Sources */,
				DB67F368190A3CA5007567A9 /* thread_platform_optional_IOS.mm in Sources */,
				DBB190E91914BA0E006C9EAE /* task_pending_queue.cpp in Sources */,
				DB67F23F19062FFA007567A9 /* gtest-death-test.cc in Sources */,
				DB67F2DC1908F26D007567A9 /* condition_variable.cpp in Sources */,
				DB31E7A41912DAFE009A6CF6 /* run_loop_factory.cpp in Sources */,
				DB31E79519122554009A6CF6 /* task.cpp in Sources */,
				DB67F5021910589B007567A9 /* run_loop_cocoa_DARWIN.mm in Sources */,
				DB67F3A2190CE878007567A9 /* lock_UNIT_TEST.cpp in Sources */,
				DB31E79E19122581009A6CF6 /* event_dispatcher.cpp in Sources */,
				DB67F392190C9934007567A9 /* thread_un_safe_debug.cpp in Sources */,
				DB67F39E190CE85A007567A9 /* thread_platform_UNIT_TEST.cpp in Sources */,
				DB67F3AD190DD18F007567A9 /* run_loop_DARWIN.mm in Sources */,
				DB67F24519062FFA007567A9 /* gtest.cc in Sources */,
				DBB191621915F7C9006C9EAE /* log.cpp in Sources */,
				DBB19167191620A7006C9EAE /* log_UNIT_TEST.cpp in Sources */,
				DBB1916419161335006C9EAE /* log_output.cpp in Sources */,
				DB67F2E01908F9D6007567A9 /* condition_variable_impl_POSIX.cpp in Sources */,
			);
			runOnlyForDeploymentPostprocessing = 0;
		};
		DB67F19519062BC3007567A9 /* Sources */ = {
			isa = PBXSourcesBuildPhase;
			buildActionMask = 2147483647;
			files = (
				DB67F1A719062BC3007567A9 /* vClientTemplateLibTests.m in Sources */,
			);
			runOnlyForDeploymentPostprocessing = 0;
		};
/* End PBXSourcesBuildPhase section */

/* Begin PBXTargetDependency section */
		DB67F19F19062BC3007567A9 /* PBXTargetDependency */ = {
			isa = PBXTargetDependency;
			target = DB67F17119062BC3007567A9 /* vClientTemplateLib */;
			targetProxy = DB67F19E19062BC3007567A9 /* PBXContainerItemProxy */;
		};
/* End PBXTargetDependency section */

/* Begin PBXVariantGroup section */
		DB67F17E19062BC3007567A9 /* InfoPlist.strings */ = {
			isa = PBXVariantGroup;
			children = (
				DB67F17F19062BC3007567A9 /* en */,
			);
			name = InfoPlist.strings;
			sourceTree = "<group>";
		};
		DB67F1A319062BC3007567A9 /* InfoPlist.strings */ = {
			isa = PBXVariantGroup;
			children = (
				DB67F1A419062BC3007567A9 /* en */,
			);
			name = InfoPlist.strings;
			sourceTree = "<group>";
		};
/* End PBXVariantGroup section */

/* Begin XCBuildConfiguration section */
		DB67F1A819062BC3007567A9 /* Debug */ = {
			isa = XCBuildConfiguration;
			buildSettings = {
				ALWAYS_SEARCH_USER_PATHS = NO;
				CLANG_CXX_LANGUAGE_STANDARD = "gnu++0x";
				CLANG_CXX_LIBRARY = "libc++";
				CLANG_ENABLE_MODULES = YES;
				CLANG_ENABLE_OBJC_ARC = YES;
				CLANG_WARN_BOOL_CONVERSION = YES;
				CLANG_WARN_CONSTANT_CONVERSION = YES;
				CLANG_WARN_DIRECT_OBJC_ISA_USAGE = YES_ERROR;
				CLANG_WARN_EMPTY_BODY = YES;
				CLANG_WARN_ENUM_CONVERSION = YES;
				CLANG_WARN_INT_CONVERSION = YES;
				CLANG_WARN_OBJC_ROOT_CLASS = YES_ERROR;
				CLANG_WARN__DUPLICATE_METHOD_MATCH = YES;
				"CODE_SIGN_IDENTITY[sdk=iphoneos*]" = "iPhone Developer";
				COPY_PHASE_STRIP = NO;
				GCC_C_LANGUAGE_STANDARD = gnu99;
				GCC_DYNAMIC_NO_PIC = NO;
				GCC_OPTIMIZATION_LEVEL = 0;
				GCC_PREPROCESSOR_DEFINITIONS = (
					"DEBUG=1",
					"$(inherited)",
				);
				GCC_SYMBOLS_PRIVATE_EXTERN = NO;
				GCC_WARN_64_TO_32_BIT_CONVERSION = YES;
				GCC_WARN_ABOUT_RETURN_TYPE = YES_ERROR;
				GCC_WARN_UNDECLARED_SELECTOR = YES;
				GCC_WARN_UNINITIALIZED_AUTOS = YES_AGGRESSIVE;
				GCC_WARN_UNUSED_FUNCTION = YES;
				GCC_WARN_UNUSED_VARIABLE = YES;
				IPHONEOS_DEPLOYMENT_TARGET = 7.1;
				ONLY_ACTIVE_ARCH = YES;
				SDKROOT = iphoneos;
				TARGETED_DEVICE_FAMILY = "1,2";
			};
			name = Debug;
		};
		DB67F1A919062BC3007567A9 /* Release */ = {
			isa = XCBuildConfiguration;
			buildSettings = {
				ALWAYS_SEARCH_USER_PATHS = NO;
				CLANG_CXX_LANGUAGE_STANDARD = "gnu++0x";
				CLANG_CXX_LIBRARY = "libc++";
				CLANG_ENABLE_MODULES = YES;
				CLANG_ENABLE_OBJC_ARC = YES;
				CLANG_WARN_BOOL_CONVERSION = YES;
				CLANG_WARN_CONSTANT_CONVERSION = YES;
				CLANG_WARN_DIRECT_OBJC_ISA_USAGE = YES_ERROR;
				CLANG_WARN_EMPTY_BODY = YES;
				CLANG_WARN_ENUM_CONVERSION = YES;
				CLANG_WARN_INT_CONVERSION = YES;
				CLANG_WARN_OBJC_ROOT_CLASS = YES_ERROR;
				CLANG_WARN__DUPLICATE_METHOD_MATCH = YES;
				"CODE_SIGN_IDENTITY[sdk=iphoneos*]" = "iPhone Developer";
				COPY_PHASE_STRIP = YES;
				ENABLE_NS_ASSERTIONS = NO;
				GCC_C_LANGUAGE_STANDARD = gnu99;
				GCC_WARN_64_TO_32_BIT_CONVERSION = YES;
				GCC_WARN_ABOUT_RETURN_TYPE = YES_ERROR;
				GCC_WARN_UNDECLARED_SELECTOR = YES;
				GCC_WARN_UNINITIALIZED_AUTOS = YES_AGGRESSIVE;
				GCC_WARN_UNUSED_FUNCTION = YES;
				GCC_WARN_UNUSED_VARIABLE = YES;
				IPHONEOS_DEPLOYMENT_TARGET = 7.1;
				SDKROOT = iphoneos;
				TARGETED_DEVICE_FAMILY = "1,2";
				VALIDATE_PRODUCT = YES;
			};
			name = Release;
		};
		DB67F1AB19062BC3007567A9 /* Debug */ = {
			isa = XCBuildConfiguration;
			buildSettings = {
				ASSETCATALOG_COMPILER_APPICON_NAME = AppIcon;
				ASSETCATALOG_COMPILER_LAUNCHIMAGE_NAME = LaunchImage;
				CLANG_ENABLE_OBJC_ARC = NO;
				GCC_PRECOMPILE_PREFIX_HEADER = YES;
				GCC_PREFIX_HEADER = "vClientTemplateLib/vClientTemplateLib-Prefix.pch";
				HEADER_SEARCH_PATHS = (
					"$(inherited)",
					/Applications/Xcode.app/Contents/Developer/Toolchains/XcodeDefault.xctoolchain/usr/include,
				);
				INFOPLIST_FILE = "vClientTemplateLib/vClientTemplateLib-Info.plist";
				OTHER_CFLAGS = (
					"-DENABLE_LOGGING=1",
					"-DTHREADSAFE_LOGGING=1",
				);
				PRODUCT_NAME = "$(TARGET_NAME)";
				USER_HEADER_SEARCH_PATHS = "\"$(SRCROOT)/../../../src/3p/google/gtest/include\" \"$(SRCROOT)/../../../src/3p/google/gtest\" \"$(SRCROOT)/../../../src\"";
				WRAPPER_EXTENSION = app;
			};
			name = Debug;
		};
		DB67F1AC19062BC3007567A9 /* Release */ = {
			isa = XCBuildConfiguration;
			buildSettings = {
				ASSETCATALOG_COMPILER_APPICON_NAME = AppIcon;
				ASSETCATALOG_COMPILER_LAUNCHIMAGE_NAME = LaunchImage;
				CLANG_ENABLE_OBJC_ARC = NO;
				GCC_PRECOMPILE_PREFIX_HEADER = YES;
				GCC_PREFIX_HEADER = "vClientTemplateLib/vClientTemplateLib-Prefix.pch";
				HEADER_SEARCH_PATHS = (
					"$(inherited)",
					/Applications/Xcode.app/Contents/Developer/Toolchains/XcodeDefault.xctoolchain/usr/include,
				);
				INFOPLIST_FILE = "vClientTemplateLib/vClientTemplateLib-Info.plist";
				PRODUCT_NAME = "$(TARGET_NAME)";
				USER_HEADER_SEARCH_PATHS = "\"$(SRCROOT)/../../../src/3p/google/gtest/include\" \"$(SRCROOT)/../../../src/3p/google/gtest\" \"$(SRCROOT)/../../../src\"";
				WRAPPER_EXTENSION = app;
			};
			name = Release;
		};
		DB67F1AE19062BC3007567A9 /* Debug */ = {
			isa = XCBuildConfiguration;
			buildSettings = {
				BUNDLE_LOADER = "$(BUILT_PRODUCTS_DIR)/vClientTemplateLib.app/vClientTemplateLib";
				FRAMEWORK_SEARCH_PATHS = (
					"$(SDKROOT)/Developer/Library/Frameworks",
					"$(inherited)",
					"$(DEVELOPER_FRAMEWORKS_DIR)",
				);
				GCC_PRECOMPILE_PREFIX_HEADER = YES;
				GCC_PREFIX_HEADER = "vClientTemplateLib/vClientTemplateLib-Prefix.pch";
				GCC_PREPROCESSOR_DEFINITIONS = (
					"DEBUG=1",
					"$(inherited)",
				);
				INFOPLIST_FILE = "vClientTemplateLibTests/vClientTemplateLibTests-Info.plist";
				PRODUCT_NAME = "$(TARGET_NAME)";
				TEST_HOST = "$(BUNDLE_LOADER)";
				WRAPPER_EXTENSION = xctest;
			};
			name = Debug;
		};
		DB67F1AF19062BC3007567A9 /* Release */ = {
			isa = XCBuildConfiguration;
			buildSettings = {
				BUNDLE_LOADER = "$(BUILT_PRODUCTS_DIR)/vClientTemplateLib.app/vClientTemplateLib";
				FRAMEWORK_SEARCH_PATHS = (
					"$(SDKROOT)/Developer/Library/Frameworks",
					"$(inherited)",
					"$(DEVELOPER_FRAMEWORKS_DIR)",
				);
				GCC_PRECOMPILE_PREFIX_HEADER = YES;
				GCC_PREFIX_HEADER = "vClientTemplateLib/vClientTemplateLib-Prefix.pch";
				INFOPLIST_FILE = "vClientTemplateLibTests/vClientTemplateLibTests-Info.plist";
				PRODUCT_NAME = "$(TARGET_NAME)";
				TEST_HOST = "$(BUNDLE_LOADER)";
				WRAPPER_EXTENSION = xctest;
			};
			name = Release;
		};
/* End XCBuildConfiguration section */

/* Begin XCConfigurationList section */
		DB67F16D19062BC3007567A9 /* Build configuration list for PBXProject "vClientTemplateLib" */ = {
			isa = XCConfigurationList;
			buildConfigurations = (
				DB67F1A819062BC3007567A9 /* Debug */,
				DB67F1A919062BC3007567A9 /* Release */,
			);
			defaultConfigurationIsVisible = 0;
			defaultConfigurationName = Release;
		};
		DB67F1AA19062BC3007567A9 /* Build configuration list for PBXNativeTarget "vClientTemplateLib" */ = {
			isa = XCConfigurationList;
			buildConfigurations = (
				DB67F1AB19062BC3007567A9 /* Debug */,
				DB67F1AC19062BC3007567A9 /* Release */,
			);
			defaultConfigurationIsVisible = 0;
			defaultConfigurationName = Release;
		};
		DB67F1AD19062BC3007567A9 /* Build configuration list for PBXNativeTarget "vClientTemplateLibTests" */ = {
			isa = XCConfigurationList;
			buildConfigurations = (
				DB67F1AE19062BC3007567A9 /* Debug */,
				DB67F1AF19062BC3007567A9 /* Release */,
			);
			defaultConfigurationIsVisible = 0;
			defaultConfigurationName = Release;
		};
/* End XCConfigurationList section */
	};
	rootObject = DB67F16A19062BC3007567A9 /* Project object */;
}
